{
    "version": 3,
    "terraform_version": "0.10.8",
    "serial": 5,
    "lineage": "cfb83809-b3e4-4dca-a0b3-de83b637c3c4",
    "modules": [
        {
            "path": [
                "root"
            ],
            "outputs": {},
            "resources": {},
            "depends_on": []
        },
        {
            "path": [
                "root",
                "mysql_insrance"
            ],
            "outputs": {},
            "resources": {
                "aws_db_instance.default": {
                    "type": "aws_db_instance",
                    "depends_on": [],
                    "primary": {
                        "id": "terraform-20180205040344628300000001",
                        "attributes": {
                            "address": "terraform-20180205040344628300000001.cudtnh5dr1dh.us-west-2.rds.amazonaws.com",
                            "allocated_storage": "25",
                            "arn": "arn:aws:rds:us-west-2:915530126681:db:terraform-20180205040344628300000001",
                            "auto_minor_version_upgrade": "true",
                            "availability_zone": "us-west-2a",
                            "backup_retention_period": "0",
                            "backup_window": "12:30-13:00",
                            "ca_cert_identifier": "rds-ca-2015",
                            "copy_tags_to_snapshot": "false",
                            "db_subnet_group_name": "default",
                            "endpoint": "terraform-20180205040344628300000001.cudtnh5dr1dh.us-west-2.rds.amazonaws.com:3306",
                            "engine": "mysql",
                            "engine_version": "5.6.37",
                            "hosted_zone_id": "Z1PVIF0B656C1W",
                            "iam_database_authentication_enabled": "false",
                            "id": "terraform-20180205040344628300000001",
                            "identifier": "terraform-20180205040344628300000001",
                            "instance_class": "db.t2.micro",
                            "iops": "0",
                            "kms_key_id": "",
                            "license_model": "general-public-license",
                            "maintenance_window": "thu:10:06-thu:10:36",
                            "monitoring_interval": "0",
                            "multi_az": "false",
                            "name": "javahomedb",
                            "option_group_name": "default:mysql-5-6",
                            "parameter_group_name": "default.mysql5.6",
                            "password": "javahome",
                            "port": "3306",
                            "publicly_accessible": "false",
                            "replicas.#": "0",
                            "replicate_source_db": "",
                            "resource_id": "db-H4Y2EDVKEAZHMI47DAIKDGSMEY",
                            "security_group_names.#": "0",
                            "skip_final_snapshot": "false",
                            "status": "available",
                            "storage_encrypted": "false",
                            "storage_type": "gp2",
                            "tags.%": "0",
                            "timezone": "",
                            "username": "javahome",
                            "vpc_security_group_ids.#": "1",
                            "vpc_security_group_ids.2884377137": "sg-1b284067"
                        },
                        "meta": {
                            "e2bfb730-ecaa-11e6-8f88-34363bc7c4c0": {
                                "create": 2400000000000,
                                "delete": 2400000000000,
                                "update": 4800000000000
                            }
                        },
                        "tainted": false
                    },
                    "deposed": [],
                    "provider": ""
                }
            },
            "depends_on": []
        }
    ]
}
